# almide.lock — auto-generated, do not edit

snaidhm = { git = "https://github.com/almide-graphics/snaidhm.git", ref = "feat/typed-layer-options", commit = "b8ff34d9d3977d880de2fd4c0f12cf806e216554" }
ceangal = { git = "https://github.com/almide-graphics/ceangal.git", ref = "feat/cpu-host", commit = "bdeded7c93f4388ba7f1494f5bb33283e556cc0b" }
